<?xml version="1.0" encoding="utf-8"?>
<Project ToolsVersion="4.0" xmlns="http://schemas.microsoft.com/developer/msbuild/2003">
  <ItemGroup>
    <Filter Include="Исходные файлы">
      <UniqueIdentifier>{4FC737F1-C7A5-4376-A066-2A32D752A2FF}</UniqueIdentifier>
      <Extensions>cpp;c;cc;cxx;c++;cppm;ixx;def;odl;idl;hpj;bat;asm;asmx</Extensions>
    </Filter>
    <Filter Include="Файлы заголовков">
      <UniqueIdentifier>{93995380-89BD-4b04-88EB-625FBE52EBFB}</UniqueIdentifier>
      <Extensions>h;hh;hpp;hxx;h++;hm;inl;inc;ipp;xsd</Extensions>
    </Filter>
    <Filter Include="Файлы ресурсов">
      <UniqueIdentifier>{67DA6AB6-F800-4c08-8B7A-83BB121AAD01}</UniqueIdentifier>
      <Extensions>rc;ico;cur;bmp;dlg;rc2;rct;bin;rgs;gif;jpg;jpeg;jpe;resx;tiff;tif;png;wav;mfcribbon-ms</Extensions>
    </Filter>
    <Filter Include="Исходные файлы\msg">
      <UniqueIdentifier>{e2392e10-5318-4a97-b477-eb7e2e6af0e8}</UniqueIdentifier>
    </Filter>
    <Filter Include="Исходные файлы\Components">
      <UniqueIdentifier>{21cf1220-0e0b-4185-a519-f259563b06b6}</UniqueIdentifier>
    </Filter>
    <Filter Include="Исходные файлы\fonts">
      <UniqueIdentifier>{5c1fb907-54d2-4a67-9c83-62c92729531a}</UniqueIdentifier>
    </Filter>
    <Filter Include="Исходные файлы\threads">
      <UniqueIdentifier>{74685138-b6b9-4d27-a21e-501d92172e35}</UniqueIdentifier>
    </Filter>
  </ItemGroup>
  <ItemGroup>
    <ClCompile Include="ConsoleApplication1.cpp">
      <Filter>Исходные файлы</Filter>
    </ClCompile>
    <ClCompile Include="msg\msg.cpp">
      <Filter>Исходные файлы\msg</Filter>
    </ClCompile>
    <ClCompile Include="Components\menu.cpp">
      <Filter>Исходные файлы\Components</Filter>
    </ClCompile>
    <ClCompile Include="fonts\mSReferenceSansSerif6pt.cpp">
      <Filter>Исходные файлы\fonts</Filter>
    </ClCompile>
    <ClCompile Include="graphics.cpp">
      <Filter>Исходные файлы\Components</Filter>
    </ClCompile>
    <ClCompile Include="Source.cpp">
      <Filter>Исходные файлы</Filter>
    </ClCompile>
    <ClCompile Include="threads\key_boad_thread.cpp">
      <Filter>Исходные файлы\threads</Filter>
    </ClCompile>
    <ClCompile Include="threads\mutexes.cpp">
      <Filter>Исходные файлы\threads</Filter>
    </ClCompile>
    <ClCompile Include="threads\timer_thread.cpp">
      <Filter>Исходные файлы\threads</Filter>
    </ClCompile>
  </ItemGroup>
  <ItemGroup>
    <ClInclude Include="fonts\fonts.h">
      <Filter>Исходные файлы\fonts</Filter>
    </ClInclude>
    <ClInclude Include="Header1.h">
      <Filter>Исходные файлы</Filter>
    </ClInclude>
  </ItemGroup>
</Project>