<?xml version="1.0" encoding="utf-8"?>
<Project ToolsVersion="4.0" xmlns="http://schemas.microsoft.com/developer/msbuild/2003">
  <ItemGroup>
    <Filter Include="Исходные файлы">
      <UniqueIdentifier>{4FC737F1-C7A5-4376-A066-2A32D752A2FF}</UniqueIdentifier>
      <Extensions>cpp;c;cc;cxx;c++;cppm;ixx;def;odl;idl;hpj;bat;asm;asmx</Extensions>
    </Filter>
    <Filter Include="Файлы заголовков">
      <UniqueIdentifier>{93995380-89BD-4b04-88EB-625FBE52EBFB}</UniqueIdentifier>
      <Extensions>h;hh;hpp;hxx;h++;hm;inl;inc;ipp;xsd</Extensions>
    </Filter>
    <Filter Include="Файлы ресурсов">
      <UniqueIdentifier>{67DA6AB6-F800-4c08-8B7A-83BB121AAD01}</UniqueIdentifier>
      <Extensions>rc;ico;cur;bmp;dlg;rc2;rct;bin;rgs;gif;jpg;jpeg;jpe;resx;tiff;tif;png;wav;mfcribbon-ms</Extensions>
    </Filter>
    <Filter Include="WinAppPages">
      <UniqueIdentifier>{566d9270-51f0-4504-bf92-084a54c4ad31}</UniqueIdentifier>
    </Filter>
    <Filter Include="Divers">
      <UniqueIdentifier>{4a5f3fa7-b023-4fb2-b8b7-c6a413b0815b}</UniqueIdentifier>
    </Filter>
    <Filter Include="App">
      <UniqueIdentifier>{18a44d6d-522c-443d-8d7a-07edd9793d09}</UniqueIdentifier>
    </Filter>
    <Filter Include="Threads">
      <UniqueIdentifier>{d1a86d8d-1491-41a8-b6d4-b4954868ded8}</UniqueIdentifier>
    </Filter>
    <Filter Include="App\Pages">
      <UniqueIdentifier>{bc54e06b-1d64-4b26-88e8-2b79f2bb32fa}</UniqueIdentifier>
    </Filter>
    <Filter Include="App\Components">
      <UniqueIdentifier>{f211afa4-167b-4f8c-8393-20fb79c2383b}</UniqueIdentifier>
    </Filter>
    <Filter Include="App\Fonts">
      <UniqueIdentifier>{89b8feb4-48c4-4228-93b5-13ea6c338119}</UniqueIdentifier>
    </Filter>
    <Filter Include="App\GraphicsFunstions">
      <UniqueIdentifier>{4fdaf7f8-6d44-472f-82f5-bf8928236b4a}</UniqueIdentifier>
    </Filter>
    <Filter Include="App\Msg">
      <UniqueIdentifier>{acaf84c6-fbb1-45ed-a82a-8635dc2fe6e1}</UniqueIdentifier>
    </Filter>
    <Filter Include="App\Router">
      <UniqueIdentifier>{72e87f74-fc12-428a-897b-4d6098a45f6e}</UniqueIdentifier>
    </Filter>
  </ItemGroup>
  <ItemGroup>
    <ClInclude Include="framework.h">
      <Filter>Файлы заголовков</Filter>
    </ClInclude>
    <ClInclude Include="targetver.h">
      <Filter>Файлы заголовков</Filter>
    </ClInclude>
    <ClInclude Include="Resource.h">
      <Filter>Файлы заголовков</Filter>
    </ClInclude>
    <ClInclude Include="WindowsProject1.h">
      <Filter>Файлы заголовков</Filter>
    </ClInclude>
    <ClInclude Include="MainPage.h">
      <Filter>Файлы заголовков</Filter>
    </ClInclude>
  </ItemGroup>
  <ItemGroup>
    <ClCompile Include="main.cpp">
      <Filter>Исходные файлы</Filter>
    </ClCompile>
    <ClCompile Include="WinAppPages\MainPage.cpp">
      <Filter>WinAppPages</Filter>
    </ClCompile>
    <ClCompile Include="WinAppPages\consolelog.cpp">
      <Filter>WinAppPages</Filter>
    </ClCompile>
    <ClCompile Include="MCU\Components\common.cpp">
      <Filter>App\Components</Filter>
    </ClCompile>
    <ClCompile Include="MCU\Components\Pages.cpp">
      <Filter>App\Components</Filter>
    </ClCompile>
    <ClCompile Include="MCU\Fonts\MSSansSerifBold14.cpp">
      <Filter>App\Fonts</Filter>
    </ClCompile>
    <ClCompile Include="MCU\Fonts\Verdana12.cpp">
      <Filter>App\Fonts</Filter>
    </ClCompile>
    <ClCompile Include="MCU\Fonts\TMCUFonts.cpp">
      <Filter>App\Fonts</Filter>
    </ClCompile>
    <ClCompile Include="MCU\Fonts\TMCUText.cpp">
      <Filter>App\Fonts</Filter>
    </ClCompile>
    <ClCompile Include="Drivers\display_driver.cpp">
      <Filter>Divers</Filter>
    </ClCompile>
    <ClCompile Include="MCU\GraphicsFunctions\graphics.cpp">
      <Filter>App\GraphicsFunstions</Filter>
    </ClCompile>
    <ClCompile Include="MCU\Msg\msg.cpp">
      <Filter>App\Msg</Filter>
    </ClCompile>
    <ClCompile Include="MCU\App\app.cpp">
      <Filter>App</Filter>
    </ClCompile>
    <ClCompile Include="threads\mutexes.cpp">
      <Filter>Threads</Filter>
    </ClCompile>
    <ClCompile Include="threads\mcu_main_thread.cpp">
      <Filter>Threads</Filter>
    </ClCompile>
    <ClCompile Include="MCU\Components\Label.cpp">
      <Filter>App\Components</Filter>
    </ClCompile>
    <ClCompile Include="MCU\Components\TComponentListVertical.cpp">
      <Filter>App\Components</Filter>
    </ClCompile>
    <ClCompile Include="MCU\Components\TComponentsContainer.cpp">
      <Filter>App\Components</Filter>
    </ClCompile>
    <ClCompile Include="MCU\Pages\MainMenu\PageMainMenu.cpp">
      <Filter>App\Pages</Filter>
    </ClCompile>
    <ClCompile Include="MCU\Pages\Counters\PageCounters.cpp">
      <Filter>App\Pages</Filter>
    </ClCompile>
    <ClCompile Include="MCU\Components\LinkLabel.cpp">
      <Filter>App\Components</Filter>
    </ClCompile>
    <ClCompile Include="MCU\Router\Router.cpp">
      <Filter>App\Router</Filter>
    </ClCompile>
  </ItemGroup>
  <ItemGroup>
    <ResourceCompile Include="WindowsProject1.rc">
      <Filter>Файлы ресурсов</Filter>
    </ResourceCompile>
  </ItemGroup>
  <ItemGroup>
    <Image Include="small.ico">
      <Filter>Файлы ресурсов</Filter>
    </Image>
    <Image Include="WindowsProject1.ico">
      <Filter>Файлы ресурсов</Filter>
    </Image>
  </ItemGroup>
</Project>